
Microsoft Visual Studio Solution File, Format Version 12.00
# Visual Studio Version 17
VisualStudioVersion = 17.9.34622.214
MinimumVisualStudioVersion = 10.0.40219.1
Project("{FAE04EC0-301F-11D3-BF4B-00C04F79EFBC}") = "ConsoleApp1", "ConsoleApp1\ConsoleApp1.csproj", "{AA5BEEBC-2DBE-44DF-9A9B-ED53766C2559}"
EndProject
Global
	GlobalSection(SolutionConfigurationPlatforms) = preSolution
		Debug|Any CPU = Debug|Any CPU
		Release|Any CPU = Release|Any CPU
	EndGlobalSection
	GlobalSection(ProjectConfigurationPlatforms) = postSolution
		{AA5BEEBC-2DBE-44DF-9A9B-ED53766C2559}.Debug|Any CPU.ActiveCfg = Debug|Any CPU
		{AA5BEEBC-2DBE-44DF-9A9B-ED53766C2559}.Debug|Any CPU.Build.0 = Debug|Any CPU
		{AA5BEEBC-2DBE-44DF-9A9B-ED53766C2559}.Release|Any CPU.ActiveCfg = Release|Any CPU
		{AA5BEEBC-2DBE-44DF-9A9B-ED53766C2559}.Release|Any CPU.Build.0 = Release|Any CPU
	EndGlobalSection
	GlobalSection(SolutionProperties) = preSolution
		HideSolutionNode = FALSE
	EndGlobalSection
	GlobalSection(ExtensibilityGlobals) = postSolution
		SolutionGuid = {198F7B46-D4DB-46F4-8EDB-77C676AF52BA}
	EndGlobalSection
EndGlobal
